{
  "name": "@fgsoftware1/cordova-plugin-goole-play-services-ads",
  "version": "3.0.0",
  "lockfileVersion": 2,
  "requires": true,
  "packages": {
    "": {
      "name": "@fgsoftware1/cordova-plugin-goole-play-services-ads",
      "version": "3.0.0",
      "license": "MIT",
      "dependencies": {
        "cordova-plugin-goole-play-services-ads": "^1.0.5"
      }
    },
    "node_modules/cordova-plugin-goole-play-services-ads": {
      "version": "1.0.5",
      "resolved": "https://registry.npmjs.org/cordova-plugin-goole-play-services-ads/-/cordova-plugin-goole-play-services-ads-1.0.5.tgz",
      "integrity": "sha512-fD/lDcFbEMXu96HOxkMY5ieHiaVOxrPsSRzVFRY0KDOX8iJLJ5OknFfBApbcQV0k7CGvXnJmq2xRtjka4KgmUA==",
      "engines": [
        {
          "name": "cordova",
          "version": ">=3.0.0"
        }
      ]
    }
  },
  "dependencies": {
    "cordova-plugin-goole-play-services-ads": {
      "version": "1.0.5",
      "resolved": "https://registry.npmjs.org/cordova-plugin-goole-play-services-ads/-/cordova-plugin-goole-play-services-ads-1.0.5.tgz",
      "integrity": "sha512-fD/lDcFbEMXu96HOxkMY5ieHiaVOxrPsSRzVFRY0KDOX8iJLJ5OknFfBApbcQV0k7CGvXnJmq2xRtjka4KgmUA=="
    }
  }
}
